
Microsoft Visual Studio Solution File, Format Version 12.00
# Visual Studio Version 16
VisualStudioVersion = 16.0.31702.278
MinimumVisualStudioVersion = 10.0.40219.1
Project("{FAE04EC0-301F-11D3-BF4B-00C04F79EFBC}") = "ExSesiune2", "ExSesiune2.csproj", "{63977115-AFBC-4065-9F0E-FE17AB641D2E}"
EndProject
Global
	GlobalSection(SolutionConfigurationPlatforms) = preSolution
		Debug|Any CPU = Debug|Any CPU
		Release|Any CPU = Release|Any CPU
	EndGlobalSection
	GlobalSection(ProjectConfigurationPlatforms) = postSolution
		{63977115-AFBC-4065-9F0E-FE17AB641D2E}.Debug|Any CPU.ActiveCfg = Debug|Any CPU
		{63977115-AFBC-4065-9F0E-FE17AB641D2E}.Debug|Any CPU.Build.0 = Debug|Any CPU
		{63977115-AFBC-4065-9F0E-FE17AB641D2E}.Release|Any CPU.ActiveCfg = Release|Any CPU
		{63977115-AFBC-4065-9F0E-FE17AB641D2E}.Release|Any CPU.Build.0 = Release|Any CPU
	EndGlobalSection
	GlobalSection(SolutionProperties) = preSolution
		HideSolutionNode = FALSE
	EndGlobalSection
	GlobalSection(ExtensibilityGlobals) = postSolution
		SolutionGuid = {23E6CEBD-7111-4B74-9201-9C1C0D7F0FC1}
	EndGlobalSection
EndGlobal
